
Microsoft Visual Studio Solution File, Format Version 12.00
# Visual Studio Version 16
VisualStudioVersion = 16.0.33328.57
MinimumVisualStudioVersion = 10.0.40219.1
Project("{FAE04EC0-301F-11D3-BF4B-00C04F79EFBC}") = "BakimTakipProgrami", "BakimTakipProgrami.csproj", "{F3DD72FC-0234-40A2-A39D-F1A37F250F7F}"
EndProject
Global
	GlobalSection(SolutionConfigurationPlatforms) = preSolution
		Debug|Any CPU = Debug|Any CPU
		Release|Any CPU = Release|Any CPU
	EndGlobalSection
	GlobalSection(ProjectConfigurationPlatforms) = postSolution
		{F3DD72FC-0234-40A2-A39D-F1A37F250F7F}.Debug|Any CPU.ActiveCfg = Debug|Any CPU
		{F3DD72FC-0234-40A2-A39D-F1A37F250F7F}.Debug|Any CPU.Build.0 = Debug|Any CPU
		{F3DD72FC-0234-40A2-A39D-F1A37F250F7F}.Release|Any CPU.ActiveCfg = Release|Any CPU
		{F3DD72FC-0234-40A2-A39D-F1A37F250F7F}.Release|Any CPU.Build.0 = Release|Any CPU
	EndGlobalSection
	GlobalSection(SolutionProperties) = preSolution
		HideSolutionNode = FALSE
	EndGlobalSection
	GlobalSection(ExtensibilityGlobals) = postSolution
		SolutionGuid = {FC3060DA-8EB0-4F18-9726-65F84F1F6D78}
	EndGlobalSection
EndGlobal
